<?xml version="1.0" encoding="UTF-8" standalone="yes" ?>
<CodeBlocks_project_file>
	<FileVersion major="1" minor="6" />
	<Project>
		<Option title="Harley" />
		<Option pch_mode="2" />
		<Option compiler="gcc" />
		<Build>
			<Target title="Debug">
				<Option output="bin/Debug/Harley" prefix_auto="1" extension_auto="1" />
				<Option object_output="obj/Debug/" />
				<Option type="1" />
				<Option compiler="gcc" />
				<Compiler>
					<Add option="-g" />
					<Add option="-DSFML_STATIC" />
				</Compiler>
				<Linker>
					<Add library="sfml-graphics-s-d" />
					<Add library="freetype" />
					<Add library="jpeg" />
					<Add library="sfml-window-s-d" />
					<Add library="opengl32" />
					<Add library="gdi32" />
					<Add library="sfml-audio-s-d" />
					<Add library="openal32" />
					<Add library="flac" />
					<Add library="vorbisenc" />
					<Add library="vorbisfile" />
					<Add library="vorbis" />
					<Add library="ogg" />
					<Add library="sfml-network-s-d" />
					<Add library="ws2_32" />
					<Add library="sfml-system-s-d" />
					<Add library="winmm" />
				</Linker>
			</Target>
			<Target title="Release">
				<Option output="bin/Release/Harley" prefix_auto="1" extension_auto="1" />
				<Option object_output="obj/Release/" />
				<Option type="1" />
				<Option compiler="gcc" />
				<Compiler>
					<Add option="-O2" />
					<Add option="-DSFML_STATIC" />
				</Compiler>
				<Linker>
					<Add option="-s" />
					<Add library="sfml-graphics-s" />
					<Add library="freetype" />
					<Add library="jpeg" />
					<Add library="sfml-window-s" />
					<Add library="opengl32" />
					<Add library="gdi32" />
					<Add library="sfml-audio-s" />
					<Add library="openal32" />
					<Add library="flac" />
					<Add library="vorbisenc" />
					<Add library="vorbisfile" />
					<Add library="vorbis" />
					<Add library="ogg" />
					<Add library="sfml-system-s" />
					<Add library="winmm" />
				</Linker>
			</Target>
		</Build>
		<Compiler>
			<Add option="-Wall" />
			<Add option="-DSFML_STATIC" />
			<Add directory="C:/Program Files (x86)/CodeBlocks/sfml/include" />
		</Compiler>
		<Linker>
			<Add directory="C:/Program Files (x86)/CodeBlocks/sfml/lib" />
		</Linker>
		<Unit filename="Sources/ability.cpp" />
		<Unit filename="Sources/ability.h" />
		<Unit filename="Sources/ability.obj" />
		<Unit filename="Sources/attack.cpp" />
		<Unit filename="Sources/attack.h" />
		<Unit filename="Sources/attack.obj" />
		<Unit filename="Sources/battle.cpp" />
		<Unit filename="Sources/battle.h" />
		<Unit filename="Sources/constants.h" />
		<Unit filename="Sources/harley.cpp" />
		<Unit filename="Sources/harley.h" />
		<Unit filename="Sources/healthregenability.cpp" />
		<Unit filename="Sources/main.cpp" />
		<Unit filename="Sources/main.obj" />
		<Unit filename="Sources/map.cpp" />
		<Unit filename="Sources/map.h" />
		<Unit filename="Sources/map.obj" />
		<Unit filename="Sources/overworld.cpp" />
		<Unit filename="Sources/overworld.h" />
		<Unit filename="Sources/player.cpp" />
		<Unit filename="Sources/player.h" />
		<Unit filename="Sources/player.obj" />
		<Unit filename="Sources/sfml.h" />
		<Unit filename="Sources/situation.h" />
		<Unit filename="Sources/tile.cpp" />
		<Unit filename="Sources/tile.h" />
		<Extensions>
			<code_completion />
			<envvars />
			<debugger />
			<lib_finder disable_auto="1" />
		</Extensions>
	</Project>
</CodeBlocks_project_file>
